
Microsoft Visual Studio Solution File, Format Version 12.00
# Visual Studio 15
VisualStudioVersion = 15.0.26228.12
MinimumVisualStudioVersion = 10.0.40219.1
Project("{FAE04EC0-301F-11D3-BF4B-00C04F79EFBC}") = "CNC", "CNC\CNC.csproj", "{39B40306-869D-4941-BF67-19BF2C8F2607}"
EndProject
Project("{FAE04EC0-301F-11D3-BF4B-00C04F79EFBC}") = "Client", "Client\Client.csproj", "{9FDAC39C-0E73-4F58-AD52-A1E692A70E74}"
EndProject
Project("{FAE04EC0-301F-11D3-BF4B-00C04F79EFBC}") = "Shared", "Shared\Shared.csproj", "{59FC828B-D802-4EF1-8E9F-3172D49AD02E}"
EndProject
Global
	GlobalSection(SolutionConfigurationPlatforms) = preSolution
		Debug|Any CPU = Debug|Any CPU
		Release|Any CPU = Release|Any CPU
	EndGlobalSection
	GlobalSection(ProjectConfigurationPlatforms) = postSolution
		{39B40306-869D-4941-BF67-19BF2C8F2607}.Debug|Any CPU.ActiveCfg = Debug|Any CPU
		{39B40306-869D-4941-BF67-19BF2C8F2607}.Debug|Any CPU.Build.0 = Debug|Any CPU
		{39B40306-869D-4941-BF67-19BF2C8F2607}.Release|Any CPU.ActiveCfg = Release|Any CPU
		{39B40306-869D-4941-BF67-19BF2C8F2607}.Release|Any CPU.Build.0 = Release|Any CPU
		{9FDAC39C-0E73-4F58-AD52-A1E692A70E74}.Debug|Any CPU.ActiveCfg = Debug|Any CPU
		{9FDAC39C-0E73-4F58-AD52-A1E692A70E74}.Debug|Any CPU.Build.0 = Debug|Any CPU
		{9FDAC39C-0E73-4F58-AD52-A1E692A70E74}.Release|Any CPU.ActiveCfg = Release|Any CPU
		{9FDAC39C-0E73-4F58-AD52-A1E692A70E74}.Release|Any CPU.Build.0 = Release|Any CPU
		{59FC828B-D802-4EF1-8E9F-3172D49AD02E}.Debug|Any CPU.ActiveCfg = Debug|Any CPU
		{59FC828B-D802-4EF1-8E9F-3172D49AD02E}.Debug|Any CPU.Build.0 = Debug|Any CPU
		{59FC828B-D802-4EF1-8E9F-3172D49AD02E}.Release|Any CPU.ActiveCfg = Release|Any CPU
		{59FC828B-D802-4EF1-8E9F-3172D49AD02E}.Release|Any CPU.Build.0 = Release|Any CPU
	EndGlobalSection
	GlobalSection(SolutionProperties) = preSolution
		HideSolutionNode = FALSE
	EndGlobalSection
EndGlobal
